
Microsoft Visual Studio Solution File, Format Version 12.00
# Visual Studio Version 17
VisualStudioVersion = 17.1.32210.238
MinimumVisualStudioVersion = 10.0.40219.1
Project("{FAE04EC0-301F-11D3-BF4B-00C04F79EFBC}") = "PraktikumW5", "PraktikumW5\PraktikumW5.csproj", "{5EC90B79-9145-4786-8665-9D72E0139D88}"
EndProject
Global
	GlobalSection(SolutionConfigurationPlatforms) = preSolution
		Debug|Any CPU = Debug|Any CPU
		Release|Any CPU = Release|Any CPU
	EndGlobalSection
	GlobalSection(ProjectConfigurationPlatforms) = postSolution
		{5EC90B79-9145-4786-8665-9D72E0139D88}.Debug|Any CPU.ActiveCfg = Debug|Any CPU
		{5EC90B79-9145-4786-8665-9D72E0139D88}.Debug|Any CPU.Build.0 = Debug|Any CPU
		{5EC90B79-9145-4786-8665-9D72E0139D88}.Release|Any CPU.ActiveCfg = Release|Any CPU
		{5EC90B79-9145-4786-8665-9D72E0139D88}.Release|Any CPU.Build.0 = Release|Any CPU
	EndGlobalSection
	GlobalSection(SolutionProperties) = preSolution
		HideSolutionNode = FALSE
	EndGlobalSection
	GlobalSection(ExtensibilityGlobals) = postSolution
		SolutionGuid = {27D624B2-0AC4-4060-A493-64F61B0FECB0}
	EndGlobalSection
EndGlobal
